// !$*UTF8*$!
{
	archiveVersion = 1;
	classes = {
	};
	objectVersion = 50;
	objects = {

/* Begin PBXBuildFile section */
		BC2D4C3922480FF300C20191 /* AuthModel.swift in Sources */ = {isa = PBXBuildFile; fileRef = BC2D4C3822480FF300C20191 /* AuthModel.swift */; };
		C51B983A223DB2B9002B0756 /* AppDelegate.swift in Sources */ = {isa = PBXBuildFile; fileRef = C51B9839223DB2B9002B0756 /* AppDelegate.swift */; };
		C51B983C223DB2B9002B0756 /* ViewController.swift in Sources */ = {isa = PBXBuildFile; fileRef = C51B983B223DB2B9002B0756 /* ViewController.swift */; };
		C51B983F223DB2B9002B0756 /* Main.storyboard in Resources */ = {isa = PBXBuildFile; fileRef = C51B983D223DB2B9002B0756 /* Main.storyboard */; };
		C51B9841223DB2BC002B0756 /* Assets.xcassets in Resources */ = {isa = PBXBuildFile; fileRef = C51B9840223DB2BC002B0756 /* Assets.xcassets */; };
		C51B9844223DB2BC002B0756 /* LaunchScreen.storyboard in Resources */ = {isa = PBXBuildFile; fileRef = C51B9842223DB2BC002B0756 /* LaunchScreen.storyboard */; };
		C51B9855223DB636002B0756 /* AppConstants.swift in Sources */ = {isa = PBXBuildFile; fileRef = C51B9854223DB636002B0756 /* AppConstants.swift */; };
		C51B9857223DB776002B0756 /* DataProviderService.swift in Sources */ = {isa = PBXBuildFile; fileRef = C51B9856223DB776002B0756 /* DataProviderService.swift */; };
		C51B9859223DC8D4002B0756 /* StudentLocation.swift in Sources */ = {isa = PBXBuildFile; fileRef = C51B9858223DC8D4002B0756 /* StudentLocation.swift */; };
		C51B985B223DC9E9002B0756 /* NetworkManager.swift in Sources */ = {isa = PBXBuildFile; fileRef = C51B985A223DC9E9002B0756 /* NetworkManager.swift */; };
		C51B9862223DCD17002B0756 /* WebViewController.swift in Sources */ = {isa = PBXBuildFile; fileRef = C51B9861223DCD17002B0756 /* WebViewController.swift */; };
		C51B9864223DCEDE002B0756 /* PostLocationViewController.swift in Sources */ = {isa = PBXBuildFile; fileRef = C51B9863223DCEDE002B0756 /* PostLocationViewController.swift */; };
		C51B9866223DD0BF002B0756 /* StudentListViewController.swift in Sources */ = {isa = PBXBuildFile; fileRef = C51B9865223DD0BF002B0756 /* StudentListViewController.swift */; };
		C51B9868223DD183002B0756 /* MapViewController.swift in Sources */ = {isa = PBXBuildFile; fileRef = C51B9867223DD183002B0756 /* MapViewController.swift */; };
		C51B986A223DD1D1002B0756 /* LoginViewController.swift in Sources */ = {isa = PBXBuildFile; fileRef = C51B9869223DD1D1002B0756 /* LoginViewController.swift */; };
/* End PBXBuildFile section */

/* Begin PBXFileReference section */
		BC2D4C3822480FF300C20191 /* AuthModel.swift */ = {isa = PBXFileReference; lastKnownFileType = sourcecode.swift; path = AuthModel.swift; sourceTree = "<group>"; };
		C51B9836223DB2B9002B0756 /* OnTheMap.app */ = {isa = PBXFileReference; explicitFileType = wrapper.application; includeInIndex = 0; path = OnTheMap.app; sourceTree = BUILT_PRODUCTS_DIR; };
		C51B9839223DB2B9002B0756 /* AppDelegate.swift */ = {isa = PBXFileReference; lastKnownFileType = sourcecode.swift; path = AppDelegate.swift; sourceTree = "<group>"; };
		C51B983B223DB2B9002B0756 /* ViewController.swift */ = {isa = PBXFileReference; lastKnownFileType = sourcecode.swift; path = ViewController.swift; sourceTree = "<group>"; };
		C51B983E223DB2B9002B0756 /* Base */ = {isa = PBXFileReference; lastKnownFileType = file.storyboard; name = Base; path = Base.lproj/Main.storyboard; sourceTree = "<group>"; };
		C51B9840223DB2BC002B0756 /* Assets.xcassets */ = {isa = PBXFileReference; lastKnownFileType = folder.assetcatalog; path = Assets.xcassets; sourceTree = "<group>"; };
		C51B9843223DB2BC002B0756 /* Base */ = {isa = PBXFileReference; lastKnownFileType = file.storyboard; name = Base; path = Base.lproj/LaunchScreen.storyboard; sourceTree = "<group>"; };
		C51B9845223DB2BC002B0756 /* Info.plist */ = {isa = PBXFileReference; lastKnownFileType = text.plist.xml; path = Info.plist; sourceTree = "<group>"; };
		C51B9854223DB636002B0756 /* AppConstants.swift */ = {isa = PBXFileReference; lastKnownFileType = sourcecode.swift; path = AppConstants.swift; sourceTree = "<group>"; };
		C51B9856223DB776002B0756 /* DataProviderService.swift */ = {isa = PBXFileReference; lastKnownFileType = sourcecode.swift; path = DataProviderService.swift; sourceTree = "<group>"; };
		C51B9858223DC8D4002B0756 /* StudentLocation.swift */ = {isa = PBXFileReference; lastKnownFileType = sourcecode.swift; path = StudentLocation.swift; sourceTree = "<group>"; };
		C51B985A223DC9E9002B0756 /* NetworkManager.swift */ = {isa = PBXFileReference; lastKnownFileType = sourcecode.swift; path = NetworkManager.swift; sourceTree = "<group>"; };
		C51B9861223DCD17002B0756 /* WebViewController.swift */ = {isa = PBXFileReference; lastKnownFileType = sourcecode.swift; path = WebViewController.swift; sourceTree = "<group>"; };
		C51B9863223DCEDE002B0756 /* PostLocationViewController.swift */ = {isa = PBXFileReference; lastKnownFileType = sourcecode.swift; path = PostLocationViewController.swift; sourceTree = "<group>"; };
		C51B9865223DD0BF002B0756 /* StudentListViewController.swift */ = {isa = PBXFileReference; lastKnownFileType = sourcecode.swift; path = StudentListViewController.swift; sourceTree = "<group>"; };
		C51B9867223DD183002B0756 /* MapViewController.swift */ = {isa = PBXFileReference; lastKnownFileType = sourcecode.swift; path = MapViewController.swift; sourceTree = "<group>"; };
		C51B9869223DD1D1002B0756 /* LoginViewController.swift */ = {isa = PBXFileReference; lastKnownFileType = sourcecode.swift; path = LoginViewController.swift; sourceTree = "<group>"; };
/* End PBXFileReference section */

/* Begin PBXFrameworksBuildPhase section */
		C51B9833223DB2B9002B0756 /* Frameworks */ = {
			isa = PBXFrameworksBuildPhase;
			buildActionMask = 2147483647;
			files = (
			);
			runOnlyForDeploymentPostprocessing = 0;
		};
/* End PBXFrameworksBuildPhase section */

/* Begin PBXGroup section */
		C51B982D223DB2B9002B0756 = {
			isa = PBXGroup;
			children = (
				C51B9838223DB2B9002B0756 /* OnTheMap */,
				C51B9837223DB2B9002B0756 /* Products */,
			);
			sourceTree = "<group>";
		};
		C51B9837223DB2B9002B0756 /* Products */ = {
			isa = PBXGroup;
			children = (
				C51B9836223DB2B9002B0756 /* OnTheMap.app */,
			);
			name = Products;
			sourceTree = "<group>";
		};
		C51B9838223DB2B9002B0756 /* OnTheMap */ = {
			isa = PBXGroup;
			children = (
				C51B984D223DB483002B0756 /* Base */,
				C51B9851223DB4DC002B0756 /* Models */,
				C51B9852223DB4EF002B0756 /* Managers */,
				C51B9853223DB4FB002B0756 /* Scenes */,
				C51B9839223DB2B9002B0756 /* AppDelegate.swift */,
				C51B983B223DB2B9002B0756 /* ViewController.swift */,
				C51B983D223DB2B9002B0756 /* Main.storyboard */,
				C51B9840223DB2BC002B0756 /* Assets.xcassets */,
				C51B9842223DB2BC002B0756 /* LaunchScreen.storyboard */,
				C51B9845223DB2BC002B0756 /* Info.plist */,
			);
			path = OnTheMap;
			sourceTree = "<group>";
		};
		C51B984D223DB483002B0756 /* Base */ = {
			isa = PBXGroup;
			children = (
				C51B984E223DB49B002B0756 /* AppConstants */,
				C51B984F223DB4AE002B0756 /* DataProvider */,
			);
			path = Base;
			sourceTree = "<group>";
		};
		C51B984E223DB49B002B0756 /* AppConstants */ = {
			isa = PBXGroup;
			children = (
				C51B9854223DB636002B0756 /* AppConstants.swift */,
			);
			path = AppConstants;
			sourceTree = "<group>";
		};
		C51B984F223DB4AE002B0756 /* DataProvider */ = {
			isa = PBXGroup;
			children = (
				C51B9856223DB776002B0756 /* DataProviderService.swift */,
			);
			path = DataProvider;
			sourceTree = "<group>";
		};
		C51B9851223DB4DC002B0756 /* Models */ = {
			isa = PBXGroup;
			children = (
				C51B9858223DC8D4002B0756 /* StudentLocation.swift */,
				BC2D4C3822480FF300C20191 /* AuthModel.swift */,
			);
			path = Models;
			sourceTree = "<group>";
		};
		C51B9852223DB4EF002B0756 /* Managers */ = {
			isa = PBXGroup;
			children = (
				C51B985A223DC9E9002B0756 /* NetworkManager.swift */,
			);
			path = Managers;
			sourceTree = "<group>";
		};
		C51B9853223DB4FB002B0756 /* Scenes */ = {
			isa = PBXGroup;
			children = (
				C51B985C223DCC95002B0756 /* WebView */,
				C51B985D223DCCA3002B0756 /* PostLocation */,
				C51B985E223DCCAE002B0756 /* StudentList */,
				C51B985F223DCCBF002B0756 /* Map */,
				C51B9860223DCCC5002B0756 /* Login */,
			);
			path = Scenes;
			sourceTree = "<group>";
		};
		C51B985C223DCC95002B0756 /* WebView */ = {
			isa = PBXGroup;
			children = (
				C51B9861223DCD17002B0756 /* WebViewController.swift */,
			);
			path = WebView;
			sourceTree = "<group>";
		};
		C51B985D223DCCA3002B0756 /* PostLocation */ = {
			isa = PBXGroup;
			children = (
				C51B9863223DCEDE002B0756 /* PostLocationViewController.swift */,
			);
			path = PostLocation;
			sourceTree = "<group>";
		};
		C51B985E223DCCAE002B0756 /* StudentList */ = {
			isa = PBXGroup;
			children = (
				C51B9865223DD0BF002B0756 /* StudentListViewController.swift */,
			);
			path = StudentList;
			sourceTree = "<group>";
		};
		C51B985F223DCCBF002B0756 /* Map */ = {
			isa = PBXGroup;
			children = (
				C51B9867223DD183002B0756 /* MapViewController.swift */,
			);
			path = Map;
			sourceTree = "<group>";
		};
		C51B9860223DCCC5002B0756 /* Login */ = {
			isa = PBXGroup;
			children = (
				C51B9869223DD1D1002B0756 /* LoginViewController.swift */,
			);
			path = Login;
			sourceTree = "<group>";
		};
/* End PBXGroup section */

/* Begin PBXNativeTarget section */
		C51B9835223DB2B9002B0756 /* OnTheMap */ = {
			isa = PBXNativeTarget;
			buildConfigurationList = C51B9848223DB2BC002B0756 /* Build configuration list for PBXNativeTarget "OnTheMap" */;
			buildPhases = (
				C51B9832223DB2B9002B0756 /* Sources */,
				C51B9833223DB2B9002B0756 /* Frameworks */,
				C51B9834223DB2B9002B0756 /* Resources */,
			);
			buildRules = (
			);
			dependencies = (
			);
			name = OnTheMap;
			productName = OnTheMap;
			productReference = C51B9836223DB2B9002B0756 /* OnTheMap.app */;
			productType = "com.apple.product-type.application";
		};
/* End PBXNativeTarget section */

/* Begin PBXProject section */
		C51B982E223DB2B9002B0756 /* Project object */ = {
			isa = PBXProject;
			attributes = {
				LastSwiftUpdateCheck = 1010;
				LastUpgradeCheck = 1010;
				ORGANIZATIONNAME = Udacity;
				TargetAttributes = {
					C51B9835223DB2B9002B0756 = {
						CreatedOnToolsVersion = 10.1;
					};
				};
			};
			buildConfigurationList = C51B9831223DB2B9002B0756 /* Build configuration list for PBXProject "OnTheMap" */;
			compatibilityVersion = "Xcode 9.3";
			developmentRegion = en;
			hasScannedForEncodings = 0;
			knownRegions = (
				en,
				Base,
			);
			mainGroup = C51B982D223DB2B9002B0756;
			productRefGroup = C51B9837223DB2B9002B0756 /* Products */;
			projectDirPath = "";
			projectRoot = "";
			targets = (
				C51B9835223DB2B9002B0756 /* OnTheMap */,
			);
		};
/* End PBXProject section */

/* Begin PBXResourcesBuildPhase section */
		C51B9834223DB2B9002B0756 /* Resources */ = {
			isa = PBXResourcesBuildPhase;
			buildActionMask = 2147483647;
			files = (
				C51B9844223DB2BC002B0756 /* LaunchScreen.storyboard in Resources */,
				C51B9841223DB2BC002B0756 /* Assets.xcassets in Resources */,
				C51B983F223DB2B9002B0756 /* Main.storyboard in Resources */,
			);
			runOnlyForDeploymentPostprocessing = 0;
		};
/* End PBXResourcesBuildPhase section */

/* Begin PBXSourcesBuildPhase section */
		C51B9832223DB2B9002B0756 /* Sources */ = {
			isa = PBXSourcesBuildPhase;
			buildActionMask = 2147483647;
			files = (
				C51B983C223DB2B9002B0756 /* ViewController.swift in Sources */,
				C51B9866223DD0BF002B0756 /* StudentListViewController.swift in Sources */,
				C51B9855223DB636002B0756 /* AppConstants.swift in Sources */,
				C51B9868223DD183002B0756 /* MapViewController.swift in Sources */,
				C51B9864223DCEDE002B0756 /* PostLocationViewController.swift in Sources */,
				BC2D4C3922480FF300C20191 /* AuthModel.swift in Sources */,
				C51B985B223DC9E9002B0756 /* NetworkManager.swift in Sources */,
				C51B9857223DB776002B0756 /* DataProviderService.swift in Sources */,
				C51B9862223DCD17002B0756 /* WebViewController.swift in Sources */,
				C51B9859223DC8D4002B0756 /* StudentLocation.swift in Sources */,
				C51B983A223DB2B9002B0756 /* AppDelegate.swift in Sources */,
				C51B986A223DD1D1002B0756 /* LoginViewController.swift in Sources */,
			);
			runOnlyForDeploymentPostprocessing = 0;
		};
/* End PBXSourcesBuildPhase section */

/* Begin PBXVariantGroup section */
		C51B983D223DB2B9002B0756 /* Main.storyboard */ = {
			isa = PBXVariantGroup;
			children = (
				C51B983E223DB2B9002B0756 /* Base */,
			);
			name = Main.storyboard;
			sourceTree = "<group>";
		};
		C51B9842223DB2BC002B0756 /* LaunchScreen.storyboard */ = {
			isa = PBXVariantGroup;
			children = (
				C51B9843223DB2BC002B0756 /* Base */,
			);
			name = LaunchScreen.storyboard;
			sourceTree = "<group>";
		};
/* End PBXVariantGroup section */

/* Begin XCBuildConfiguration section */
		C51B9846223DB2BC002B0756 /* Debug */ = {
			isa = XCBuildConfiguration;
			buildSettings = {
				ALWAYS_SEARCH_USER_PATHS = NO;
				CLANG_ANALYZER_NONNULL = YES;
				CLANG_ANALYZER_NUMBER_OBJECT_CONVERSION = YES_AGGRESSIVE;
				CLANG_CXX_LANGUAGE_STANDARD = "gnu++14";
				CLANG_CXX_LIBRARY = "libc++";
				CLANG_ENABLE_MODULES = YES;
				CLANG_ENABLE_OBJC_ARC = YES;
				CLANG_ENABLE_OBJC_WEAK = YES;
				CLANG_WARN_BLOCK_CAPTURE_AUTORELEASING = YES;
				CLANG_WARN_BOOL_CONVERSION = YES;
				CLANG_WARN_COMMA = YES;
				CLANG_WARN_CONSTANT_CONVERSION = YES;
				CLANG_WARN_DEPRECATED_OBJC_IMPLEMENTATIONS = YES;
				CLANG_WARN_DIRECT_OBJC_ISA_USAGE = YES_ERROR;
				CLANG_WARN_DOCUMENTATION_COMMENTS = YES;
				CLANG_WARN_EMPTY_BODY = YES;
				CLANG_WARN_ENUM_CONVERSION = YES;
				CLANG_WARN_INFINITE_RECURSION = YES;
				CLANG_WARN_INT_CONVERSION = YES;
				CLANG_WARN_NON_LITERAL_NULL_CONVERSION = YES;
				CLANG_WARN_OBJC_IMPLICIT_RETAIN_SELF = YES;
				CLANG_WARN_OBJC_LITERAL_CONVERSION = YES;
				CLANG_WARN_OBJC_ROOT_CLASS = YES_ERROR;
				CLANG_WARN_RANGE_LOOP_ANALYSIS = YES;
				CLANG_WARN_STRICT_PROTOTYPES = YES;
				CLANG_WARN_SUSPICIOUS_MOVE = YES;
				CLANG_WARN_UNGUARDED_AVAILABILITY = YES_AGGRESSIVE;
				CLANG_WARN_UNREACHABLE_CODE = YES;
				CLANG_WARN__DUPLICATE_METHOD_MATCH = YES;
				CODE_SIGN_IDENTITY = "iPhone Developer";
				COPY_PHASE_STRIP = NO;
				DEBUG_INFORMATION_FORMAT = dwarf;
				ENABLE_STRICT_OBJC_MSGSEND = YES;
				ENABLE_TESTABILITY = YES;
				GCC_C_LANGUAGE_STANDARD = gnu11;
				GCC_DYNAMIC_NO_PIC = NO;
				GCC_NO_COMMON_BLOCKS = YES;
				GCC_OPTIMIZATION_LEVEL = 0;
				GCC_PREPROCESSOR_DEFINITIONS = (
					"DEBUG=1",
					"$(inherited)",
				);
				GCC_WARN_64_TO_32_BIT_CONVERSION = YES;
				GCC_WARN_ABOUT_RETURN_TYPE = YES_ERROR;
				GCC_WARN_UNDECLARED_SELECTOR = YES;
				GCC_WARN_UNINITIALIZED_AUTOS = YES_AGGRESSIVE;
				GCC_WARN_UNUSED_FUNCTION = YES;
				GCC_WARN_UNUSED_VARIABLE = YES;
				IPHONEOS_DEPLOYMENT_TARGET = 12.1;
				MTL_ENABLE_DEBUG_INFO = INCLUDE_SOURCE;
				MTL_FAST_MATH = YES;
				ONLY_ACTIVE_ARCH = YES;
				SDKROOT = iphoneos;
				SWIFT_ACTIVE_COMPILATION_CONDITIONS = DEBUG;
				SWIFT_OPTIMIZATION_LEVEL = "-Onone";
			};
			name = Debug;
		};
		C51B9847223DB2BC002B0756 /* Release */ = {
			isa = XCBuildConfiguration;
			buildSettings = {
				ALWAYS_SEARCH_USER_PATHS = NO;
				CLANG_ANALYZER_NONNULL = YES;
				CLANG_ANALYZER_NUMBER_OBJECT_CONVERSION = YES_AGGRESSIVE;
				CLANG_CXX_LANGUAGE_STANDARD = "gnu++14";
				CLANG_CXX_LIBRARY = "libc++";
				CLANG_ENABLE_MODULES = YES;
				CLANG_ENABLE_OBJC_ARC = YES;
				CLANG_ENABLE_OBJC_WEAK = YES;
				CLANG_WARN_BLOCK_CAPTURE_AUTORELEASING = YES;
				CLANG_WARN_BOOL_CONVERSION = YES;
				CLANG_WARN_COMMA = YES;
				CLANG_WARN_CONSTANT_CONVERSION = YES;
				CLANG_WARN_DEPRECATED_OBJC_IMPLEMENTATIONS = YES;
				CLANG_WARN_DIRECT_OBJC_ISA_USAGE = YES_ERROR;
				CLANG_WARN_DOCUMENTATION_COMMENTS = YES;
				CLANG_WARN_EMPTY_BODY = YES;
				CLANG_WARN_ENUM_CONVERSION = YES;
				CLANG_WARN_INFINITE_RECURSION = YES;
				CLANG_WARN_INT_CONVERSION = YES;
				CLANG_WARN_NON_LITERAL_NULL_CONVERSION = YES;
				CLANG_WARN_OBJC_IMPLICIT_RETAIN_SELF = YES;
				CLANG_WARN_OBJC_LITERAL_CONVERSION = YES;
				CLANG_WARN_OBJC_ROOT_CLASS = YES_ERROR;
				CLANG_WARN_RANGE_LOOP_ANALYSIS = YES;
				CLANG_WARN_STRICT_PROTOTYPES = YES;
				CLANG_WARN_SUSPICIOUS_MOVE = YES;
				CLANG_WARN_UNGUARDED_AVAILABILITY = YES_AGGRESSIVE;
				CLANG_WARN_UNREACHABLE_CODE = YES;
				CLANG_WARN__DUPLICATE_METHOD_MATCH = YES;
				CODE_SIGN_IDENTITY = "iPhone Developer";
				COPY_PHASE_STRIP = NO;
				DEBUG_INFORMATION_FORMAT = "dwarf-with-dsym";
				ENABLE_NS_ASSERTIONS = NO;
				ENABLE_STRICT_OBJC_MSGSEND = YES;
				GCC_C_LANGUAGE_STANDARD = gnu11;
				GCC_NO_COMMON_BLOCKS = YES;
				GCC_WARN_64_TO_32_BIT_CONVERSION = YES;
				GCC_WARN_ABOUT_RETURN_TYPE = YES_ERROR;
				GCC_WARN_UNDECLARED_SELECTOR = YES;
				GCC_WARN_UNINITIALIZED_AUTOS = YES_AGGRESSIVE;
				GCC_WARN_UNUSED_FUNCTION = YES;
				GCC_WARN_UNUSED_VARIABLE = YES;
				IPHONEOS_DEPLOYMENT_TARGET = 12.1;
				MTL_ENABLE_DEBUG_INFO = NO;
				MTL_FAST_MATH = YES;
				SDKROOT = iphoneos;
				SWIFT_COMPILATION_MODE = wholemodule;
				SWIFT_OPTIMIZATION_LEVEL = "-O";
				VALIDATE_PRODUCT = YES;
			};
			name = Release;
		};
		C51B9849223DB2BC002B0756 /* Debug */ = {
			isa = XCBuildConfiguration;
			buildSettings = {
				ASSETCATALOG_COMPILER_APPICON_NAME = AppIcon;
				CODE_SIGN_STYLE = Automatic;
				DEVELOPMENT_TEAM = R96S59NFMT;
				INFOPLIST_FILE = OnTheMap/Info.plist;
				LD_RUNPATH_SEARCH_PATHS = (
					"$(inherited)",
					"@executable_path/Frameworks",
				);
				PRODUCT_BUNDLE_IDENTIFIER = com.udacity.OnTheMap;
				PRODUCT_NAME = "$(TARGET_NAME)";
				SWIFT_VERSION = 4.2;
				TARGETED_DEVICE_FAMILY = "1,2";
			};
			name = Debug;
		};
		C51B984A223DB2BC002B0756 /* Release */ = {
			isa = XCBuildConfiguration;
			buildSettings = {
				ASSETCATALOG_COMPILER_APPICON_NAME = AppIcon;
				CODE_SIGN_STYLE = Automatic;
				DEVELOPMENT_TEAM = R96S59NFMT;
				INFOPLIST_FILE = OnTheMap/Info.plist;
				LD_RUNPATH_SEARCH_PATHS = (
					"$(inherited)",
					"@executable_path/Frameworks",
				);
				PRODUCT_BUNDLE_IDENTIFIER = com.udacity.OnTheMap;
				PRODUCT_NAME = "$(TARGET_NAME)";
				SWIFT_VERSION = 4.2;
				TARGETED_DEVICE_FAMILY = "1,2";
			};
			name = Release;
		};
/* End XCBuildConfiguration section */

/* Begin XCConfigurationList section */
		C51B9831223DB2B9002B0756 /* Build configuration list for PBXProject "OnTheMap" */ = {
			isa = XCConfigurationList;
			buildConfigurations = (
				C51B9846223DB2BC002B0756 /* Debug */,
				C51B9847223DB2BC002B0756 /* Release */,
			);
			defaultConfigurationIsVisible = 0;
			defaultConfigurationName = Release;
		};
		C51B9848223DB2BC002B0756 /* Build configuration list for PBXNativeTarget "OnTheMap" */ = {
			isa = XCConfigurationList;
			buildConfigurations = (
				C51B9849223DB2BC002B0756 /* Debug */,
				C51B984A223DB2BC002B0756 /* Release */,
			);
			defaultConfigurationIsVisible = 0;
			defaultConfigurationName = Release;
		};
/* End XCConfigurationList section */
	};
	rootObject = C51B982E223DB2B9002B0756 /* Project object */;
}
